
Microsoft Visual Studio Solution File, Format Version 12.00
# Visual Studio Version 16
VisualStudioVersion = 16.0.32602.291
MinimumVisualStudioVersion = 10.0.40219.1
Project("{FAE04EC0-301F-11D3-BF4B-00C04F79EFBC}") = "SuperGmail", "SuperGmail\SuperGmail.csproj", "{7B35696F-F8DE-44D6-A884-71F535D707EE}"
EndProject
Global
	GlobalSection(SolutionConfigurationPlatforms) = preSolution
		Debug|Any CPU = Debug|Any CPU
		Release|Any CPU = Release|Any CPU
	EndGlobalSection
	GlobalSection(ProjectConfigurationPlatforms) = postSolution
		{7B35696F-F8DE-44D6-A884-71F535D707EE}.Debug|Any CPU.ActiveCfg = Debug|Any CPU
		{7B35696F-F8DE-44D6-A884-71F535D707EE}.Debug|Any CPU.Build.0 = Debug|Any CPU
		{7B35696F-F8DE-44D6-A884-71F535D707EE}.Release|Any CPU.ActiveCfg = Release|Any CPU
		{7B35696F-F8DE-44D6-A884-71F535D707EE}.Release|Any CPU.Build.0 = Release|Any CPU
	EndGlobalSection
	GlobalSection(SolutionProperties) = preSolution
		HideSolutionNode = FALSE
	EndGlobalSection
	GlobalSection(ExtensibilityGlobals) = postSolution
		SolutionGuid = {58D95B5A-6173-4F44-9EAC-002F84E05E7D}
	EndGlobalSection
EndGlobal
